
Microsoft Visual Studio Solution File, Format Version 12.00
# Visual Studio Version 17
VisualStudioVersion = 17.14.36518.9
MinimumVisualStudioVersion = 10.0.40219.1
Project("{FAE04EC0-301F-11D3-BF4B-00C04F79EFBC}") = "MBrokerBench", "MBrokerBench\MBrokerBench.csproj", "{B533F6B1-FDC6-43B9-84C4-33E2B1C58D59}"
EndProject
Project("{FAE04EC0-301F-11D3-BF4B-00C04F79EFBC}") = "MSodaClient", "MSodaClient\MSodaClient.csproj", "{DB273C10-0AAC-4DCB-8C3B-37D227928DBA}"
EndProject
Project("{2150E333-8FDC-42A3-9474-1A3956D46DE8}") = "Solution Items", "Solution Items", "{8EC462FD-D22E-90A8-E5CE-7E832BA40C5D}"
	ProjectSection(SolutionItems) = preProject
		justfile = justfile
	EndProjectSection
EndProject
Project("{FAE04EC0-301F-11D3-BF4B-00C04F79EFBC}") = "MBrokerConsumer", "MBrokerConsumer\MBrokerConsumer.csproj", "{87B9D171-ECE6-FB9F-AF0A-1A1FD7441A46}"
EndProject
Project("{FAE04EC0-301F-11D3-BF4B-00C04F79EFBC}") = "MBrokerConsumer.Tests", "MBrokerConsumer.Tests\MBrokerConsumer.Tests.csproj", "{1C668DB3-B878-421C-8096-E9C6583F3059}"
EndProject
Project("{FAE04EC0-301F-11D3-BF4B-00C04F79EFBC}") = "MBrokerBench.Phase2Tests", "MBrokerBench.Phase2Tests\MBrokerBench.Phase2Tests.csproj", "{4BF91D3E-0A1C-406C-B406-FEA945502E2D}"
EndProject
Global
	GlobalSection(SolutionConfigurationPlatforms) = preSolution
		Debug|Any CPU = Debug|Any CPU
		Debug|x64 = Debug|x64
		Debug|x86 = Debug|x86
		Release|Any CPU = Release|Any CPU
		Release|x64 = Release|x64
		Release|x86 = Release|x86
	EndGlobalSection
	GlobalSection(ProjectConfigurationPlatforms) = postSolution
		{B533F6B1-FDC6-43B9-84C4-33E2B1C58D59}.Debug|Any CPU.ActiveCfg = Debug|Any CPU
		{B533F6B1-FDC6-43B9-84C4-33E2B1C58D59}.Debug|Any CPU.Build.0 = Debug|Any CPU
		{B533F6B1-FDC6-43B9-84C4-33E2B1C58D59}.Debug|x64.ActiveCfg = Debug|Any CPU
		{B533F6B1-FDC6-43B9-84C4-33E2B1C58D59}.Debug|x64.Build.0 = Debug|Any CPU
		{B533F6B1-FDC6-43B9-84C4-33E2B1C58D59}.Debug|x86.ActiveCfg = Debug|Any CPU
		{B533F6B1-FDC6-43B9-84C4-33E2B1C58D59}.Debug|x86.Build.0 = Debug|Any CPU
		{B533F6B1-FDC6-43B9-84C4-33E2B1C58D59}.Release|Any CPU.ActiveCfg = Release|Any CPU
		{B533F6B1-FDC6-43B9-84C4-33E2B1C58D59}.Release|Any CPU.Build.0 = Release|Any CPU
		{B533F6B1-FDC6-43B9-84C4-33E2B1C58D59}.Release|x64.ActiveCfg = Release|Any CPU
		{B533F6B1-FDC6-43B9-84C4-33E2B1C58D59}.Release|x64.Build.0 = Release|Any CPU
		{B533F6B1-FDC6-43B9-84C4-33E2B1C58D59}.Release|x86.ActiveCfg = Release|Any CPU
		{B533F6B1-FDC6-43B9-84C4-33E2B1C58D59}.Release|x86.Build.0 = Release|Any CPU
		{DB273C10-0AAC-4DCB-8C3B-37D227928DBA}.Debug|Any CPU.ActiveCfg = Debug|Any CPU
		{DB273C10-0AAC-4DCB-8C3B-37D227928DBA}.Debug|Any CPU.Build.0 = Debug|Any CPU
		{DB273C10-0AAC-4DCB-8C3B-37D227928DBA}.Debug|x64.ActiveCfg = Debug|Any CPU
		{DB273C10-0AAC-4DCB-8C3B-37D227928DBA}.Debug|x64.Build.0 = Debug|Any CPU
		{DB273C10-0AAC-4DCB-8C3B-37D227928DBA}.Debug|x86.ActiveCfg = Debug|Any CPU
		{DB273C10-0AAC-4DCB-8C3B-37D227928DBA}.Debug|x86.Build.0 = Debug|Any CPU
		{DB273C10-0AAC-4DCB-8C3B-37D227928DBA}.Release|Any CPU.ActiveCfg = Release|Any CPU
		{DB273C10-0AAC-4DCB-8C3B-37D227928DBA}.Release|Any CPU.Build.0 = Release|Any CPU
		{DB273C10-0AAC-4DCB-8C3B-37D227928DBA}.Release|x64.ActiveCfg = Release|Any CPU
		{DB273C10-0AAC-4DCB-8C3B-37D227928DBA}.Release|x64.Build.0 = Release|Any CPU
		{DB273C10-0AAC-4DCB-8C3B-37D227928DBA}.Release|x86.ActiveCfg = Release|Any CPU
		{DB273C10-0AAC-4DCB-8C3B-37D227928DBA}.Release|x86.Build.0 = Release|Any CPU
		{87B9D171-ECE6-FB9F-AF0A-1A1FD7441A46}.Debug|Any CPU.ActiveCfg = Debug|Any CPU
		{87B9D171-ECE6-FB9F-AF0A-1A1FD7441A46}.Debug|Any CPU.Build.0 = Debug|Any CPU
		{87B9D171-ECE6-FB9F-AF0A-1A1FD7441A46}.Debug|x64.ActiveCfg = Debug|Any CPU
		{87B9D171-ECE6-FB9F-AF0A-1A1FD7441A46}.Debug|x64.Build.0 = Debug|Any CPU
		{87B9D171-ECE6-FB9F-AF0A-1A1FD7441A46}.Debug|x86.ActiveCfg = Debug|Any CPU
		{87B9D171-ECE6-FB9F-AF0A-1A1FD7441A46}.Debug|x86.Build.0 = Debug|Any CPU
		{87B9D171-ECE6-FB9F-AF0A-1A1FD7441A46}.Release|Any CPU.ActiveCfg = Release|Any CPU
		{87B9D171-ECE6-FB9F-AF0A-1A1FD7441A46}.Release|Any CPU.Build.0 = Release|Any CPU
		{87B9D171-ECE6-FB9F-AF0A-1A1FD7441A46}.Release|x64.ActiveCfg = Release|Any CPU
		{87B9D171-ECE6-FB9F-AF0A-1A1FD7441A46}.Release|x64.Build.0 = Release|Any CPU
		{87B9D171-ECE6-FB9F-AF0A-1A1FD7441A46}.Release|x86.ActiveCfg = Release|Any CPU
		{87B9D171-ECE6-FB9F-AF0A-1A1FD7441A46}.Release|x86.Build.0 = Release|Any CPU
		{1C668DB3-B878-421C-8096-E9C6583F3059}.Debug|Any CPU.ActiveCfg = Debug|Any CPU
		{1C668DB3-B878-421C-8096-E9C6583F3059}.Debug|Any CPU.Build.0 = Debug|Any CPU
		{1C668DB3-B878-421C-8096-E9C6583F3059}.Debug|x64.ActiveCfg = Debug|Any CPU
		{1C668DB3-B878-421C-8096-E9C6583F3059}.Debug|x64.Build.0 = Debug|Any CPU
		{1C668DB3-B878-421C-8096-E9C6583F3059}.Debug|x86.ActiveCfg = Debug|Any CPU
		{1C668DB3-B878-421C-8096-E9C6583F3059}.Debug|x86.Build.0 = Debug|Any CPU
		{1C668DB3-B878-421C-8096-E9C6583F3059}.Release|Any CPU.ActiveCfg = Release|Any CPU
		{1C668DB3-B878-421C-8096-E9C6583F3059}.Release|Any CPU.Build.0 = Release|Any CPU
		{1C668DB3-B878-421C-8096-E9C6583F3059}.Release|x64.ActiveCfg = Release|Any CPU
		{1C668DB3-B878-421C-8096-E9C6583F3059}.Release|x64.Build.0 = Release|Any CPU
		{1C668DB3-B878-421C-8096-E9C6583F3059}.Release|x86.ActiveCfg = Release|Any CPU
		{1C668DB3-B878-421C-8096-E9C6583F3059}.Release|x86.Build.0 = Release|Any CPU
		{4BF91D3E-0A1C-406C-B406-FEA945502E2D}.Debug|Any CPU.ActiveCfg = Debug|Any CPU
		{4BF91D3E-0A1C-406C-B406-FEA945502E2D}.Debug|Any CPU.Build.0 = Debug|Any CPU
		{4BF91D3E-0A1C-406C-B406-FEA945502E2D}.Debug|x64.ActiveCfg = Debug|Any CPU
		{4BF91D3E-0A1C-406C-B406-FEA945502E2D}.Debug|x64.Build.0 = Debug|Any CPU
		{4BF91D3E-0A1C-406C-B406-FEA945502E2D}.Debug|x86.ActiveCfg = Debug|Any CPU
		{4BF91D3E-0A1C-406C-B406-FEA945502E2D}.Debug|x86.Build.0 = Debug|Any CPU
		{4BF91D3E-0A1C-406C-B406-FEA945502E2D}.Release|Any CPU.ActiveCfg = Release|Any CPU
		{4BF91D3E-0A1C-406C-B406-FEA945502E2D}.Release|Any CPU.Build.0 = Release|Any CPU
		{4BF91D3E-0A1C-406C-B406-FEA945502E2D}.Release|x64.ActiveCfg = Release|Any CPU
		{4BF91D3E-0A1C-406C-B406-FEA945502E2D}.Release|x64.Build.0 = Release|Any CPU
		{4BF91D3E-0A1C-406C-B406-FEA945502E2D}.Release|x86.ActiveCfg = Release|Any CPU
		{4BF91D3E-0A1C-406C-B406-FEA945502E2D}.Release|x86.Build.0 = Release|Any CPU
	EndGlobalSection
	GlobalSection(SolutionProperties) = preSolution
		HideSolutionNode = FALSE
	EndGlobalSection
	GlobalSection(ExtensibilityGlobals) = postSolution
		SolutionGuid = {4797CC79-88D2-48EF-A2F6-CD2704C312BD}
	EndGlobalSection
EndGlobal
